
Microsoft Visual Studio Solution File, Format Version 12.00
# Visual Studio Version 16
VisualStudioVersion = 16.0.30114.105
MinimumVisualStudioVersion = 10.0.40219.1
Project("{FAE04EC0-301F-11D3-BF4B-00C04F79EFBC}") = "EfMySql", "EfMySql\EfMySql.csproj", "{FEEB3DD3-3939-41B1-B852-98AAB0AD699B}"
EndProject
Global
	GlobalSection(SolutionConfigurationPlatforms) = preSolution
		Debug|Any CPU = Debug|Any CPU
		Release|Any CPU = Release|Any CPU
	EndGlobalSection
	GlobalSection(ProjectConfigurationPlatforms) = postSolution
		{FEEB3DD3-3939-41B1-B852-98AAB0AD699B}.Debug|Any CPU.ActiveCfg = Debug|Any CPU
		{FEEB3DD3-3939-41B1-B852-98AAB0AD699B}.Debug|Any CPU.Build.0 = Debug|Any CPU
		{FEEB3DD3-3939-41B1-B852-98AAB0AD699B}.Release|Any CPU.ActiveCfg = Release|Any CPU
		{FEEB3DD3-3939-41B1-B852-98AAB0AD699B}.Release|Any CPU.Build.0 = Release|Any CPU
	EndGlobalSection
	GlobalSection(SolutionProperties) = preSolution
		HideSolutionNode = FALSE
	EndGlobalSection
	GlobalSection(ExtensibilityGlobals) = postSolution
		SolutionGuid = {6FFE1B31-A69B-453E-AFAA-D93927B763D5}
	EndGlobalSection
EndGlobal
